
Microsoft Visual Studio Solution File, Format Version 12.00
# Visual Studio Version 16
VisualStudioVersion = 16.0.31624.102
MinimumVisualStudioVersion = 10.0.40219.1
Project("{FAE04EC0-301F-11D3-BF4B-00C04F79EFBC}") = "WebApplicationEjemplo1", "WebApplicationEjemplo1\WebApplicationEjemplo1.csproj", "{CE78B862-F597-4561-ACF3-31A507A812D5}"
EndProject
Global
	GlobalSection(SolutionConfigurationPlatforms) = preSolution
		Debug|Any CPU = Debug|Any CPU
		Release|Any CPU = Release|Any CPU
	EndGlobalSection
	GlobalSection(ProjectConfigurationPlatforms) = postSolution
		{CE78B862-F597-4561-ACF3-31A507A812D5}.Debug|Any CPU.ActiveCfg = Debug|Any CPU
		{CE78B862-F597-4561-ACF3-31A507A812D5}.Debug|Any CPU.Build.0 = Debug|Any CPU
		{CE78B862-F597-4561-ACF3-31A507A812D5}.Release|Any CPU.ActiveCfg = Release|Any CPU
		{CE78B862-F597-4561-ACF3-31A507A812D5}.Release|Any CPU.Build.0 = Release|Any CPU
	EndGlobalSection
	GlobalSection(SolutionProperties) = preSolution
		HideSolutionNode = FALSE
	EndGlobalSection
	GlobalSection(ExtensibilityGlobals) = postSolution
		SolutionGuid = {CF258E84-618B-4AC7-BD4E-195002E955CC}
	EndGlobalSection
EndGlobal
